// !$*UTF8*$!
{
	archiveVersion = 1;
	classes = {
	};
	objectVersion = 50;
	objects = {

/* Begin PBXBuildFile section */
		3D97E84D247589600019F77E /* AppDelegate.swift in Sources */ = {isa = PBXBuildFile; fileRef = 3D97E84C247589600019F77E /* AppDelegate.swift */; };
		3D97E84F247589600019F77E /* SceneDelegate.swift in Sources */ = {isa = PBXBuildFile; fileRef = 3D97E84E247589600019F77E /* SceneDelegate.swift */; };
		3D97E851247589600019F77E /* ViewController.swift in Sources */ = {isa = PBXBuildFile; fileRef = 3D97E850247589600019F77E /* ViewController.swift */; };
		3D97E854247589600019F77E /* Main.storyboard in Resources */ = {isa = PBXBuildFile; fileRef = 3D97E852247589600019F77E /* Main.storyboard */; };
		3D97E856247589600019F77E /* Assets.xcassets in Resources */ = {isa = PBXBuildFile; fileRef = 3D97E855247589600019F77E /* Assets.xcassets */; };
		3D97E859247589600019F77E /* LaunchScreen.storyboard in Resources */ = {isa = PBXBuildFile; fileRef = 3D97E857247589600019F77E /* LaunchScreen.storyboard */; };
		3D97E86224758ACB0019F77E /* ChatTableViewCell.swift in Sources */ = {isa = PBXBuildFile; fileRef = 3D97E86024758ACB0019F77E /* ChatTableViewCell.swift */; };
		3D97E86324758ACB0019F77E /* ChatTableViewCell.xib in Resources */ = {isa = PBXBuildFile; fileRef = 3D97E86124758ACB0019F77E /* ChatTableViewCell.xib */; };
		3D97E86524758EB80019F77E /* CustomCell.swift in Sources */ = {isa = PBXBuildFile; fileRef = 3D97E86424758EB80019F77E /* CustomCell.swift */; };
		3DB8F1AC24778DE10099E34A /* ContactViewController.swift in Sources */ = {isa = PBXBuildFile; fileRef = 3DB8F1AB24778DE10099E34A /* ContactViewController.swift */; };
		3DB8F1B1247790B80099E34A /* ContactTableViewController.swift in Sources */ = {isa = PBXBuildFile; fileRef = 3DB8F1AF247790B80099E34A /* ContactTableViewController.swift */; };
		3DB8F1B2247790B80099E34A /* ContactTableViewController.xib in Resources */ = {isa = PBXBuildFile; fileRef = 3DB8F1B0247790B80099E34A /* ContactTableViewController.xib */; };
/* End PBXBuildFile section */

/* Begin PBXFileReference section */
		3D97E849247589600019F77E /* ZaloTableView.app */ = {isa = PBXFileReference; explicitFileType = wrapper.application; includeInIndex = 0; path = ZaloTableView.app; sourceTree = BUILT_PRODUCTS_DIR; };
		3D97E84C247589600019F77E /* AppDelegate.swift */ = {isa = PBXFileReference; lastKnownFileType = sourcecode.swift; path = AppDelegate.swift; sourceTree = "<group>"; };
		3D97E84E247589600019F77E /* SceneDelegate.swift */ = {isa = PBXFileReference; lastKnownFileType = sourcecode.swift; path = SceneDelegate.swift; sourceTree = "<group>"; };
		3D97E850247589600019F77E /* ViewController.swift */ = {isa = PBXFileReference; lastKnownFileType = sourcecode.swift; path = ViewController.swift; sourceTree = "<group>"; };
		3D97E853247589600019F77E /* Base */ = {isa = PBXFileReference; lastKnownFileType = file.storyboard; name = Base; path = Base.lproj/Main.storyboard; sourceTree = "<group>"; };
		3D97E855247589600019F77E /* Assets.xcassets */ = {isa = PBXFileReference; lastKnownFileType = folder.assetcatalog; path = Assets.xcassets; sourceTree = "<group>"; };
		3D97E858247589600019F77E /* Base */ = {isa = PBXFileReference; lastKnownFileType = file.storyboard; name = Base; path = Base.lproj/LaunchScreen.storyboard; sourceTree = "<group>"; };
		3D97E85A247589600019F77E /* Info.plist */ = {isa = PBXFileReference; lastKnownFileType = text.plist.xml; path = Info.plist; sourceTree = "<group>"; };
		3D97E86024758ACB0019F77E /* ChatTableViewCell.swift */ = {isa = PBXFileReference; lastKnownFileType = sourcecode.swift; path = ChatTableViewCell.swift; sourceTree = "<group>"; };
		3D97E86124758ACB0019F77E /* ChatTableViewCell.xib */ = {isa = PBXFileReference; lastKnownFileType = file.xib; path = ChatTableViewCell.xib; sourceTree = "<group>"; };
		3D97E86424758EB80019F77E /* CustomCell.swift */ = {isa = PBXFileReference; lastKnownFileType = sourcecode.swift; path = CustomCell.swift; sourceTree = "<group>"; };
		3DB8F1AB24778DE10099E34A /* ContactViewController.swift */ = {isa = PBXFileReference; lastKnownFileType = sourcecode.swift; path = ContactViewController.swift; sourceTree = "<group>"; };
		3DB8F1AF247790B80099E34A /* ContactTableViewController.swift */ = {isa = PBXFileReference; lastKnownFileType = sourcecode.swift; path = ContactTableViewController.swift; sourceTree = "<group>"; };
		3DB8F1B0247790B80099E34A /* ContactTableViewController.xib */ = {isa = PBXFileReference; lastKnownFileType = file.xib; path = ContactTableViewController.xib; sourceTree = "<group>"; };
/* End PBXFileReference section */

/* Begin PBXFrameworksBuildPhase section */
		3D97E846247589600019F77E /* Frameworks */ = {
			isa = PBXFrameworksBuildPhase;
			buildActionMask = 2147483647;
			files = (
			);
			runOnlyForDeploymentPostprocessing = 0;
		};
/* End PBXFrameworksBuildPhase section */

/* Begin PBXGroup section */
		3D97E8402475895F0019F77E = {
			isa = PBXGroup;
			children = (
				3D97E84B247589600019F77E /* ZaloTableView */,
				3D97E84A247589600019F77E /* Products */,
			);
			sourceTree = "<group>";
		};
		3D97E84A247589600019F77E /* Products */ = {
			isa = PBXGroup;
			children = (
				3D97E849247589600019F77E /* ZaloTableView.app */,
			);
			name = Products;
			sourceTree = "<group>";
		};
		3D97E84B247589600019F77E /* ZaloTableView */ = {
			isa = PBXGroup;
			children = (
				3D97E84C247589600019F77E /* AppDelegate.swift */,
				3D97E84E247589600019F77E /* SceneDelegate.swift */,
				3D97E850247589600019F77E /* ViewController.swift */,
				3D97E852247589600019F77E /* Main.storyboard */,
				3D97E855247589600019F77E /* Assets.xcassets */,
				3D97E857247589600019F77E /* LaunchScreen.storyboard */,
				3D97E85A247589600019F77E /* Info.plist */,
				3D97E86024758ACB0019F77E /* ChatTableViewCell.swift */,
				3D97E86124758ACB0019F77E /* ChatTableViewCell.xib */,
				3D97E86424758EB80019F77E /* CustomCell.swift */,
				3DB8F1AB24778DE10099E34A /* ContactViewController.swift */,
				3DB8F1AF247790B80099E34A /* ContactTableViewController.swift */,
				3DB8F1B0247790B80099E34A /* ContactTableViewController.xib */,
			);
			path = ZaloTableView;
			sourceTree = "<group>";
		};
/* End PBXGroup section */

/* Begin PBXNativeTarget section */
		3D97E848247589600019F77E /* ZaloTableView */ = {
			isa = PBXNativeTarget;
			buildConfigurationList = 3D97E85D247589600019F77E /* Build configuration list for PBXNativeTarget "ZaloTableView" */;
			buildPhases = (
				3D97E845247589600019F77E /* Sources */,
				3D97E846247589600019F77E /* Frameworks */,
				3D97E847247589600019F77E /* Resources */,
			);
			buildRules = (
			);
			dependencies = (
			);
			name = ZaloTableView;
			productName = ZaloTableView;
			productReference = 3D97E849247589600019F77E /* ZaloTableView.app */;
			productType = "com.apple.product-type.application";
		};
/* End PBXNativeTarget section */

/* Begin PBXProject section */
		3D97E8412475895F0019F77E /* Project object */ = {
			isa = PBXProject;
			attributes = {
				LastSwiftUpdateCheck = 1140;
				LastUpgradeCheck = 1140;
				ORGANIZATIONNAME = "Nam Le";
				TargetAttributes = {
					3D97E848247589600019F77E = {
						CreatedOnToolsVersion = 11.4.1;
					};
				};
			};
			buildConfigurationList = 3D97E8442475895F0019F77E /* Build configuration list for PBXProject "ZaloTableView" */;
			compatibilityVersion = "Xcode 9.3";
			developmentRegion = en;
			hasScannedForEncodings = 0;
			knownRegions = (
				en,
				Base,
			);
			mainGroup = 3D97E8402475895F0019F77E;
			productRefGroup = 3D97E84A247589600019F77E /* Products */;
			projectDirPath = "";
			projectRoot = "";
			targets = (
				3D97E848247589600019F77E /* ZaloTableView */,
			);
		};
/* End PBXProject section */

/* Begin PBXResourcesBuildPhase section */
		3D97E847247589600019F77E /* Resources */ = {
			isa = PBXResourcesBuildPhase;
			buildActionMask = 2147483647;
			files = (
				3D97E859247589600019F77E /* LaunchScreen.storyboard in Resources */,
				3D97E86324758ACB0019F77E /* ChatTableViewCell.xib in Resources */,
				3DB8F1B2247790B80099E34A /* ContactTableViewController.xib in Resources */,
				3D97E856247589600019F77E /* Assets.xcassets in Resources */,
				3D97E854247589600019F77E /* Main.storyboard in Resources */,
			);
			runOnlyForDeploymentPostprocessing = 0;
		};
/* End PBXResourcesBuildPhase section */

/* Begin PBXSourcesBuildPhase section */
		3D97E845247589600019F77E /* Sources */ = {
			isa = PBXSourcesBuildPhase;
			buildActionMask = 2147483647;
			files = (
				3D97E851247589600019F77E /* ViewController.swift in Sources */,
				3D97E86224758ACB0019F77E /* ChatTableViewCell.swift in Sources */,
				3D97E86524758EB80019F77E /* CustomCell.swift in Sources */,
				3D97E84D247589600019F77E /* AppDelegate.swift in Sources */,
				3DB8F1B1247790B80099E34A /* ContactTableViewController.swift in Sources */,
				3D97E84F247589600019F77E /* SceneDelegate.swift in Sources */,
				3DB8F1AC24778DE10099E34A /* ContactViewController.swift in Sources */,
			);
			runOnlyForDeploymentPostprocessing = 0;
		};
/* End PBXSourcesBuildPhase section */

/* Begin PBXVariantGroup section */
		3D97E852247589600019F77E /* Main.storyboard */ = {
			isa = PBXVariantGroup;
			children = (
				3D97E853247589600019F77E /* Base */,
			);
			name = Main.storyboard;
			sourceTree = "<group>";
		};
		3D97E857247589600019F77E /* LaunchScreen.storyboard */ = {
			isa = PBXVariantGroup;
			children = (
				3D97E858247589600019F77E /* Base */,
			);
			name = LaunchScreen.storyboard;
			sourceTree = "<group>";
		};
/* End PBXVariantGroup section */

/* Begin XCBuildConfiguration section */
		3D97E85B247589600019F77E /* Debug */ = {
			isa = XCBuildConfiguration;
			buildSettings = {
				ALWAYS_SEARCH_USER_PATHS = NO;
				CLANG_ANALYZER_NONNULL = YES;
				CLANG_ANALYZER_NUMBER_OBJECT_CONVERSION = YES_AGGRESSIVE;
				CLANG_CXX_LANGUAGE_STANDARD = "gnu++14";
				CLANG_CXX_LIBRARY = "libc++";
				CLANG_ENABLE_MODULES = YES;
				CLANG_ENABLE_OBJC_ARC = YES;
				CLANG_ENABLE_OBJC_WEAK = YES;
				CLANG_WARN_BLOCK_CAPTURE_AUTORELEASING = YES;
				CLANG_WARN_BOOL_CONVERSION = YES;
				CLANG_WARN_COMMA = YES;
				CLANG_WARN_CONSTANT_CONVERSION = YES;
				CLANG_WARN_DEPRECATED_OBJC_IMPLEMENTATIONS = YES;
				CLANG_WARN_DIRECT_OBJC_ISA_USAGE = YES_ERROR;
				CLANG_WARN_DOCUMENTATION_COMMENTS = YES;
				CLANG_WARN_EMPTY_BODY = YES;
				CLANG_WARN_ENUM_CONVERSION = YES;
				CLANG_WARN_INFINITE_RECURSION = YES;
				CLANG_WARN_INT_CONVERSION = YES;
				CLANG_WARN_NON_LITERAL_NULL_CONVERSION = YES;
				CLANG_WARN_OBJC_IMPLICIT_RETAIN_SELF = YES;
				CLANG_WARN_OBJC_LITERAL_CONVERSION = YES;
				CLANG_WARN_OBJC_ROOT_CLASS = YES_ERROR;
				CLANG_WARN_RANGE_LOOP_ANALYSIS = YES;
				CLANG_WARN_STRICT_PROTOTYPES = YES;
				CLANG_WARN_SUSPICIOUS_MOVE = YES;
				CLANG_WARN_UNGUARDED_AVAILABILITY = YES_AGGRESSIVE;
				CLANG_WARN_UNREACHABLE_CODE = YES;
				CLANG_WARN__DUPLICATE_METHOD_MATCH = YES;
				COPY_PHASE_STRIP = NO;
				DEBUG_INFORMATION_FORMAT = dwarf;
				ENABLE_STRICT_OBJC_MSGSEND = YES;
				ENABLE_TESTABILITY = YES;
				GCC_C_LANGUAGE_STANDARD = gnu11;
				GCC_DYNAMIC_NO_PIC = NO;
				GCC_NO_COMMON_BLOCKS = YES;
				GCC_OPTIMIZATION_LEVEL = 0;
				GCC_PREPROCESSOR_DEFINITIONS = (
					"DEBUG=1",
					"$(inherited)",
				);
				GCC_WARN_64_TO_32_BIT_CONVERSION = YES;
				GCC_WARN_ABOUT_RETURN_TYPE = YES_ERROR;
				GCC_WARN_UNDECLARED_SELECTOR = YES;
				GCC_WARN_UNINITIALIZED_AUTOS = YES_AGGRESSIVE;
				GCC_WARN_UNUSED_FUNCTION = YES;
				GCC_WARN_UNUSED_VARIABLE = YES;
				IPHONEOS_DEPLOYMENT_TARGET = 13.4;
				MTL_ENABLE_DEBUG_INFO = INCLUDE_SOURCE;
				MTL_FAST_MATH = YES;
				ONLY_ACTIVE_ARCH = YES;
				SDKROOT = iphoneos;
				SWIFT_ACTIVE_COMPILATION_CONDITIONS = DEBUG;
				SWIFT_OPTIMIZATION_LEVEL = "-Onone";
			};
			name = Debug;
		};
		3D97E85C247589600019F77E /* Release */ = {
			isa = XCBuildConfiguration;
			buildSettings = {
				ALWAYS_SEARCH_USER_PATHS = NO;
				CLANG_ANALYZER_NONNULL = YES;
				CLANG_ANALYZER_NUMBER_OBJECT_CONVERSION = YES_AGGRESSIVE;
				CLANG_CXX_LANGUAGE_STANDARD = "gnu++14";
				CLANG_CXX_LIBRARY = "libc++";
				CLANG_ENABLE_MODULES = YES;
				CLANG_ENABLE_OBJC_ARC = YES;
				CLANG_ENABLE_OBJC_WEAK = YES;
				CLANG_WARN_BLOCK_CAPTURE_AUTORELEASING = YES;
				CLANG_WARN_BOOL_CONVERSION = YES;
				CLANG_WARN_COMMA = YES;
				CLANG_WARN_CONSTANT_CONVERSION = YES;
				CLANG_WARN_DEPRECATED_OBJC_IMPLEMENTATIONS = YES;
				CLANG_WARN_DIRECT_OBJC_ISA_USAGE = YES_ERROR;
				CLANG_WARN_DOCUMENTATION_COMMENTS = YES;
				CLANG_WARN_EMPTY_BODY = YES;
				CLANG_WARN_ENUM_CONVERSION = YES;
				CLANG_WARN_INFINITE_RECURSION = YES;
				CLANG_WARN_INT_CONVERSION = YES;
				CLANG_WARN_NON_LITERAL_NULL_CONVERSION = YES;
				CLANG_WARN_OBJC_IMPLICIT_RETAIN_SELF = YES;
				CLANG_WARN_OBJC_LITERAL_CONVERSION = YES;
				CLANG_WARN_OBJC_ROOT_CLASS = YES_ERROR;
				CLANG_WARN_RANGE_LOOP_ANALYSIS = YES;
				CLANG_WARN_STRICT_PROTOTYPES = YES;
				CLANG_WARN_SUSPICIOUS_MOVE = YES;
				CLANG_WARN_UNGUARDED_AVAILABILITY = YES_AGGRESSIVE;
				CLANG_WARN_UNREACHABLE_CODE = YES;
				CLANG_WARN__DUPLICATE_METHOD_MATCH = YES;
				COPY_PHASE_STRIP = NO;
				DEBUG_INFORMATION_FORMAT = "dwarf-with-dsym";
				ENABLE_NS_ASSERTIONS = NO;
				ENABLE_STRICT_OBJC_MSGSEND = YES;
				GCC_C_LANGUAGE_STANDARD = gnu11;
				GCC_NO_COMMON_BLOCKS = YES;
				GCC_WARN_64_TO_32_BIT_CONVERSION = YES;
				GCC_WARN_ABOUT_RETURN_TYPE = YES_ERROR;
				GCC_WARN_UNDECLARED_SELECTOR = YES;
				GCC_WARN_UNINITIALIZED_AUTOS = YES_AGGRESSIVE;
				GCC_WARN_UNUSED_FUNCTION = YES;
				GCC_WARN_UNUSED_VARIABLE = YES;
				IPHONEOS_DEPLOYMENT_TARGET = 13.4;
				MTL_ENABLE_DEBUG_INFO = NO;
				MTL_FAST_MATH = YES;
				SDKROOT = iphoneos;
				SWIFT_COMPILATION_MODE = wholemodule;
				SWIFT_OPTIMIZATION_LEVEL = "-O";
				VALIDATE_PRODUCT = YES;
			};
			name = Release;
		};
		3D97E85E247589600019F77E /* Debug */ = {
			isa = XCBuildConfiguration;
			buildSettings = {
				ASSETCATALOG_COMPILER_APPICON_NAME = AppIcon;
				CODE_SIGN_STYLE = Automatic;
				INFOPLIST_FILE = ZaloTableView/Info.plist;
				LD_RUNPATH_SEARCH_PATHS = (
					"$(inherited)",
					"@executable_path/Frameworks",
				);
				PRODUCT_BUNDLE_IDENTIFIER = NamLe.ZaloTableView;
				PRODUCT_NAME = "$(TARGET_NAME)";
				SWIFT_VERSION = 5.0;
				TARGETED_DEVICE_FAMILY = "1,2";
			};
			name = Debug;
		};
		3D97E85F247589600019F77E /* Release */ = {
			isa = XCBuildConfiguration;
			buildSettings = {
				ASSETCATALOG_COMPILER_APPICON_NAME = AppIcon;
				CODE_SIGN_STYLE = Automatic;
				INFOPLIST_FILE = ZaloTableView/Info.plist;
				LD_RUNPATH_SEARCH_PATHS = (
					"$(inherited)",
					"@executable_path/Frameworks",
				);
				PRODUCT_BUNDLE_IDENTIFIER = NamLe.ZaloTableView;
				PRODUCT_NAME = "$(TARGET_NAME)";
				SWIFT_VERSION = 5.0;
				TARGETED_DEVICE_FAMILY = "1,2";
			};
			name = Release;
		};
/* End XCBuildConfiguration section */

/* Begin XCConfigurationList section */
		3D97E8442475895F0019F77E /* Build configuration list for PBXProject "ZaloTableView" */ = {
			isa = XCConfigurationList;
			buildConfigurations = (
				3D97E85B247589600019F77E /* Debug */,
				3D97E85C247589600019F77E /* Release */,
			);
			defaultConfigurationIsVisible = 0;
			defaultConfigurationName = Release;
		};
		3D97E85D247589600019F77E /* Build configuration list for PBXNativeTarget "ZaloTableView" */ = {
			isa = XCConfigurationList;
			buildConfigurations = (
				3D97E85E247589600019F77E /* Debug */,
				3D97E85F247589600019F77E /* Release */,
			);
			defaultConfigurationIsVisible = 0;
			defaultConfigurationName = Release;
		};
/* End XCConfigurationList section */
	};
	rootObject = 3D97E8412475895F0019F77E /* Project object */;
}
